
Microsoft Visual Studio Solution File, Format Version 12.00
# Visual Studio Version 17
VisualStudioVersion = 17.8.34511.84
MinimumVisualStudioVersion = 10.0.40219.1
Project("{FAE04EC0-301F-11D3-BF4B-00C04F79EFBC}") = "ATV7_CJ3021912", "ATV7_CJ3021912\ATV7_CJ3021912.csproj", "{9071C761-7E84-43D9-A853-7A7DD71AD494}"
EndProject
Global
	GlobalSection(SolutionConfigurationPlatforms) = preSolution
		Debug|Any CPU = Debug|Any CPU
		Release|Any CPU = Release|Any CPU
	EndGlobalSection
	GlobalSection(ProjectConfigurationPlatforms) = postSolution
		{9071C761-7E84-43D9-A853-7A7DD71AD494}.Debug|Any CPU.ActiveCfg = Debug|Any CPU
		{9071C761-7E84-43D9-A853-7A7DD71AD494}.Debug|Any CPU.Build.0 = Debug|Any CPU
		{9071C761-7E84-43D9-A853-7A7DD71AD494}.Release|Any CPU.ActiveCfg = Release|Any CPU
		{9071C761-7E84-43D9-A853-7A7DD71AD494}.Release|Any CPU.Build.0 = Release|Any CPU
	EndGlobalSection
	GlobalSection(SolutionProperties) = preSolution
		HideSolutionNode = FALSE
	EndGlobalSection
	GlobalSection(ExtensibilityGlobals) = postSolution
		SolutionGuid = {911970C6-9CAA-4604-87CB-FBC2CC295C0D}
	EndGlobalSection
EndGlobal
